// !$*UTF8*$!
{
	archiveVersion = 1;
	classes = {
	};
	objectVersion = 77;
	objects = {

/* Begin PBXBuildFile section */
		4204FE7A2D06BA68002D9547 /* ActivityCard.swift in Sources */ = {isa = PBXBuildFile; fileRef = 4204FE792D06BA68002D9547 /* ActivityCard.swift */; };
		425B9BCD2D097FC600C080D3 /* CityImageView.swift in Sources */ = {isa = PBXBuildFile; fileRef = 425B9BCC2D097FC600C080D3 /* CityImageView.swift */; };
		428D08652D035B6900E721FC /* SignUpView.swift in Sources */ = {isa = PBXBuildFile; fileRef = 428D08642D035B6900E721FC /* SignUpView.swift */; };
		42A2566C2D015AF30035C31F /* BucketListDetailView.swift in Sources */ = {isa = PBXBuildFile; fileRef = 42A2566B2D015AF30035C31F /* BucketListDetailView.swift */; };
		42A2567E2D01885F0035C31F /* ExpandableActivitiesView.swift in Sources */ = {isa = PBXBuildFile; fileRef = 42A2567D2D01885F0035C31F /* ExpandableActivitiesView.swift */; };
		42AE207C2D029A12008AFEB4 /* APIKeys.plist in Resources */ = {isa = PBXBuildFile; fileRef = 42AE207B2D029A12008AFEB4 /* APIKeys.plist */; };
		42AE207E2D02AB45008AFEB4 /* countries.json in Resources */ = {isa = PBXBuildFile; fileRef = 42AE207D2D02AB45008AFEB4 /* countries.json */; };
		42AE20F52D02E890008AFEB4 /* CityListView.swift in Sources */ = {isa = PBXBuildFile; fileRef = 42AE20F42D02E890008AFEB4 /* CityListView.swift */; };
		42D2FC0D2D00BDE200910A1E /* ContentView.swift in Sources */ = {isa = PBXBuildFile; fileRef = 42D2FC052D00BDE200910A1E /* ContentView.swift */; };
		42D2FC0E2D00BDE200910A1E /* ActivityView.swift in Sources */ = {isa = PBXBuildFile; fileRef = 42D2FC062D00BDE200910A1E /* ActivityView.swift */; };
		42D2FC102D00BDE200910A1E /* LoginView.swift in Sources */ = {isa = PBXBuildFile; fileRef = 42D2FC082D00BDE200910A1E /* LoginView.swift */; };
		42D2FC122D00BDE200910A1E /* WelcomeView.swift in Sources */ = {isa = PBXBuildFile; fileRef = 42D2FC0A2D00BDE200910A1E /* WelcomeView.swift */; };
		42D2FC132D00BDE200910A1E /* BucketListView.swift in Sources */ = {isa = PBXBuildFile; fileRef = 42D2FC0B2D00BDE200910A1E /* BucketListView.swift */; };
		42FC35022CFFD8FB00F1BF98 /* WanderlyApp.swift in Sources */ = {isa = PBXBuildFile; fileRef = 42FC34FF2CFFD8FB00F1BF98 /* WanderlyApp.swift */; };
		42FC35032CFFD8FB00F1BF98 /* Preview Assets.xcassets in Resources */ = {isa = PBXBuildFile; fileRef = 42FC34FA2CFFD8FB00F1BF98 /* Preview Assets.xcassets */; };
		42FC35042CFFD8FB00F1BF98 /* Assets.xcassets in Resources */ = {isa = PBXBuildFile; fileRef = 42FC34FC2CFFD8FB00F1BF98 /* Assets.xcassets */; };
		42FC35052CFFD8FB00F1BF98 /* GoogleService-Info.plist in Resources */ = {isa = PBXBuildFile; fileRef = 42FC34FE2CFFD8FB00F1BF98 /* GoogleService-Info.plist */; };
		42FC35082CFFDA8A00F1BF98 /* FirebaseAuth in Frameworks */ = {isa = PBXBuildFile; productRef = 42FC35072CFFDA8A00F1BF98 /* FirebaseAuth */; };
		42FC350A2CFFDA8A00F1BF98 /* FirebaseFirestore in Frameworks */ = {isa = PBXBuildFile; productRef = 42FC35092CFFDA8A00F1BF98 /* FirebaseFirestore */; };
		42FC350C2CFFDA8A00F1BF98 /* FirebaseStorage in Frameworks */ = {isa = PBXBuildFile; productRef = 42FC350B2CFFDA8A00F1BF98 /* FirebaseStorage */; };
/* End PBXBuildFile section */

/* Begin PBXContainerItemProxy section */
		42FC34DC2CFFD56900F1BF98 /* PBXContainerItemProxy */ = {
			isa = PBXContainerItemProxy;
			containerPortal = 42FC34C32CFFD56800F1BF98 /* Project object */;
			proxyType = 1;
			remoteGlobalIDString = 42FC34CA2CFFD56800F1BF98;
			remoteInfo = Wanderly;
		};
		42FC34E62CFFD56900F1BF98 /* PBXContainerItemProxy */ = {
			isa = PBXContainerItemProxy;
			containerPortal = 42FC34C32CFFD56800F1BF98 /* Project object */;
			proxyType = 1;
			remoteGlobalIDString = 42FC34CA2CFFD56800F1BF98;
			remoteInfo = Wanderly;
		};
/* End PBXContainerItemProxy section */

/* Begin PBXFileReference section */
		4204FE792D06BA68002D9547 /* ActivityCard.swift */ = {isa = PBXFileReference; lastKnownFileType = sourcecode.swift; path = ActivityCard.swift; sourceTree = "<group>"; };
		425B9BCC2D097FC600C080D3 /* CityImageView.swift */ = {isa = PBXFileReference; lastKnownFileType = sourcecode.swift; path = CityImageView.swift; sourceTree = "<group>"; };
		428D08642D035B6900E721FC /* SignUpView.swift */ = {isa = PBXFileReference; lastKnownFileType = sourcecode.swift; path = SignUpView.swift; sourceTree = "<group>"; };
		42A2566B2D015AF30035C31F /* BucketListDetailView.swift */ = {isa = PBXFileReference; lastKnownFileType = sourcecode.swift; path = BucketListDetailView.swift; sourceTree = "<group>"; };
		42A2567D2D01885F0035C31F /* ExpandableActivitiesView.swift */ = {isa = PBXFileReference; lastKnownFileType = sourcecode.swift; path = ExpandableActivitiesView.swift; sourceTree = "<group>"; };
		42AE207B2D029A12008AFEB4 /* APIKeys.plist */ = {isa = PBXFileReference; lastKnownFileType = text.plist.xml; path = APIKeys.plist; sourceTree = "<group>"; };
		42AE207D2D02AB45008AFEB4 /* countries.json */ = {isa = PBXFileReference; lastKnownFileType = text.json; path = countries.json; sourceTree = "<group>"; };
		42AE20F42D02E890008AFEB4 /* CityListView.swift */ = {isa = PBXFileReference; lastKnownFileType = sourcecode.swift; path = CityListView.swift; sourceTree = "<group>"; };
		42D2FC052D00BDE200910A1E /* ContentView.swift */ = {isa = PBXFileReference; lastKnownFileType = sourcecode.swift; path = ContentView.swift; sourceTree = "<group>"; };
		42D2FC062D00BDE200910A1E /* ActivityView.swift */ = {isa = PBXFileReference; lastKnownFileType = sourcecode.swift; path = ActivityView.swift; sourceTree = "<group>"; };
		42D2FC082D00BDE200910A1E /* LoginView.swift */ = {isa = PBXFileReference; lastKnownFileType = sourcecode.swift; path = LoginView.swift; sourceTree = "<group>"; };
		42D2FC0A2D00BDE200910A1E /* WelcomeView.swift */ = {isa = PBXFileReference; lastKnownFileType = sourcecode.swift; path = WelcomeView.swift; sourceTree = "<group>"; };
		42D2FC0B2D00BDE200910A1E /* BucketListView.swift */ = {isa = PBXFileReference; lastKnownFileType = sourcecode.swift; path = BucketListView.swift; sourceTree = "<group>"; };
		42FC34CB2CFFD56800F1BF98 /* Wanderly.app */ = {isa = PBXFileReference; explicitFileType = wrapper.application; includeInIndex = 0; path = Wanderly.app; sourceTree = BUILT_PRODUCTS_DIR; };
		42FC34DB2CFFD56900F1BF98 /* WanderlyTests.xctest */ = {isa = PBXFileReference; explicitFileType = wrapper.cfbundle; includeInIndex = 0; path = WanderlyTests.xctest; sourceTree = BUILT_PRODUCTS_DIR; };
		42FC34E52CFFD56900F1BF98 /* WanderlyUITests.xctest */ = {isa = PBXFileReference; explicitFileType = wrapper.cfbundle; includeInIndex = 0; path = WanderlyUITests.xctest; sourceTree = BUILT_PRODUCTS_DIR; };
		42FC34FA2CFFD8FB00F1BF98 /* Preview Assets.xcassets */ = {isa = PBXFileReference; lastKnownFileType = folder.assetcatalog; path = "Preview Assets.xcassets"; sourceTree = "<group>"; };
		42FC34FC2CFFD8FB00F1BF98 /* Assets.xcassets */ = {isa = PBXFileReference; lastKnownFileType = folder.assetcatalog; path = Assets.xcassets; sourceTree = "<group>"; };
		42FC34FE2CFFD8FB00F1BF98 /* GoogleService-Info.plist */ = {isa = PBXFileReference; lastKnownFileType = text.plist.xml; path = "GoogleService-Info.plist"; sourceTree = "<group>"; };
		42FC34FF2CFFD8FB00F1BF98 /* WanderlyApp.swift */ = {isa = PBXFileReference; lastKnownFileType = sourcecode.swift; path = WanderlyApp.swift; sourceTree = "<group>"; };
		42FC35172CFFE8B900F1BF98 /* Info.plist */ = {isa = PBXFileReference; lastKnownFileType = text.plist.xml; path = Info.plist; sourceTree = "<group>"; };
/* End PBXFileReference section */

/* Begin PBXFileSystemSynchronizedRootGroup section */
		42D2FBFC2D00B0D100910A1E /* Model */ = {
			isa = PBXFileSystemSynchronizedRootGroup;
			path = Model;
			sourceTree = "<group>";
		};
		42D2FC012D00B0EC00910A1E /* View Models */ = {
			isa = PBXFileSystemSynchronizedRootGroup;
			path = "View Models";
			sourceTree = "<group>";
		};
		42FC34DE2CFFD56900F1BF98 /* WanderlyTests */ = {
			isa = PBXFileSystemSynchronizedRootGroup;
			path = WanderlyTests;
			sourceTree = "<group>";
		};
		42FC34E82CFFD56900F1BF98 /* WanderlyUITests */ = {
			isa = PBXFileSystemSynchronizedRootGroup;
			path = WanderlyUITests;
			sourceTree = "<group>";
		};
		42FC35152CFFE84900F1BF98 /* Fonts */ = {
			isa = PBXFileSystemSynchronizedRootGroup;
			path = Fonts;
			sourceTree = "<group>";
		};
/* End PBXFileSystemSynchronizedRootGroup section */

/* Begin PBXFrameworksBuildPhase section */
		42FC34C82CFFD56800F1BF98 /* Frameworks */ = {
			isa = PBXFrameworksBuildPhase;
			buildActionMask = 2147483647;
			files = (
				42FC35082CFFDA8A00F1BF98 /* FirebaseAuth in Frameworks */,
				42FC350A2CFFDA8A00F1BF98 /* FirebaseFirestore in Frameworks */,
				42FC350C2CFFDA8A00F1BF98 /* FirebaseStorage in Frameworks */,
			);
			runOnlyForDeploymentPostprocessing = 0;
		};
		42FC34D82CFFD56900F1BF98 /* Frameworks */ = {
			isa = PBXFrameworksBuildPhase;
			buildActionMask = 2147483647;
			files = (
			);
			runOnlyForDeploymentPostprocessing = 0;
		};
		42FC34E22CFFD56900F1BF98 /* Frameworks */ = {
			isa = PBXFrameworksBuildPhase;
			buildActionMask = 2147483647;
			files = (
			);
			runOnlyForDeploymentPostprocessing = 0;
		};
/* End PBXFrameworksBuildPhase section */

/* Begin PBXGroup section */
		42D2FC0C2D00BDE200910A1E /* Views */ = {
			isa = PBXGroup;
			children = (
				42D2FC082D00BDE200910A1E /* LoginView.swift */,
				428D08642D035B6900E721FC /* SignUpView.swift */,
				42D2FC052D00BDE200910A1E /* ContentView.swift */,
				42D2FC0A2D00BDE200910A1E /* WelcomeView.swift */,
				42D2FC062D00BDE200910A1E /* ActivityView.swift */,
				4204FE792D06BA68002D9547 /* ActivityCard.swift */,
				42D2FC0B2D00BDE200910A1E /* BucketListView.swift */,
				42A2566B2D015AF30035C31F /* BucketListDetailView.swift */,
				42A2567D2D01885F0035C31F /* ExpandableActivitiesView.swift */,
				42AE20F42D02E890008AFEB4 /* CityListView.swift */,
				425B9BCC2D097FC600C080D3 /* CityImageView.swift */,
			);
			path = Views;
			sourceTree = "<group>";
		};
		42FC34C22CFFD56800F1BF98 = {
			isa = PBXGroup;
			children = (
				42FC35002CFFD8FB00F1BF98 /* Wanderly */,
				42FC34DE2CFFD56900F1BF98 /* WanderlyTests */,
				42FC34E82CFFD56900F1BF98 /* WanderlyUITests */,
				42FC34CC2CFFD56800F1BF98 /* Products */,
			);
			sourceTree = "<group>";
		};
		42FC34CC2CFFD56800F1BF98 /* Products */ = {
			isa = PBXGroup;
			children = (
				42FC34CB2CFFD56800F1BF98 /* Wanderly.app */,
				42FC34DB2CFFD56900F1BF98 /* WanderlyTests.xctest */,
				42FC34E52CFFD56900F1BF98 /* WanderlyUITests.xctest */,
			);
			name = Products;
			sourceTree = "<group>";
		};
		42FC34FB2CFFD8FB00F1BF98 /* Preview Content */ = {
			isa = PBXGroup;
			children = (
				42FC34FA2CFFD8FB00F1BF98 /* Preview Assets.xcassets */,
			);
			path = "Preview Content";
			sourceTree = "<group>";
		};
		42FC35002CFFD8FB00F1BF98 /* Wanderly */ = {
			isa = PBXGroup;
			children = (
				42FC34FF2CFFD8FB00F1BF98 /* WanderlyApp.swift */,
				42D2FC0C2D00BDE200910A1E /* Views */,
				42D2FBFC2D00B0D100910A1E /* Model */,
				42D2FC012D00B0EC00910A1E /* View Models */,
				42FC34FC2CFFD8FB00F1BF98 /* Assets.xcassets */,
				42FC35152CFFE84900F1BF98 /* Fonts */,
				42AE207B2D029A12008AFEB4 /* APIKeys.plist */,
				42FC34FE2CFFD8FB00F1BF98 /* GoogleService-Info.plist */,
				42FC35172CFFE8B900F1BF98 /* Info.plist */,
				42FC34FB2CFFD8FB00F1BF98 /* Preview Content */,
				42AE207D2D02AB45008AFEB4 /* countries.json */,
			);
			path = Wanderly;
			sourceTree = "<group>";
		};
/* End PBXGroup section */

/* Begin PBXNativeTarget section */
		42FC34CA2CFFD56800F1BF98 /* Wanderly */ = {
			isa = PBXNativeTarget;
			buildConfigurationList = 42FC34EF2CFFD56900F1BF98 /* Build configuration list for PBXNativeTarget "Wanderly" */;
			buildPhases = (
				42FC34C72CFFD56800F1BF98 /* Sources */,
				42FC34C82CFFD56800F1BF98 /* Frameworks */,
				42FC34C92CFFD56800F1BF98 /* Resources */,
			);
			buildRules = (
			);
			dependencies = (
			);
			fileSystemSynchronizedGroups = (
				42D2FBFC2D00B0D100910A1E /* Model */,
				42D2FC012D00B0EC00910A1E /* View Models */,
				42FC35152CFFE84900F1BF98 /* Fonts */,
			);
			name = Wanderly;
			packageProductDependencies = (
				42FC35072CFFDA8A00F1BF98 /* FirebaseAuth */,
				42FC35092CFFDA8A00F1BF98 /* FirebaseFirestore */,
				42FC350B2CFFDA8A00F1BF98 /* FirebaseStorage */,
			);
			productName = Wanderly;
			productReference = 42FC34CB2CFFD56800F1BF98 /* Wanderly.app */;
			productType = "com.apple.product-type.application";
		};
		42FC34DA2CFFD56900F1BF98 /* WanderlyTests */ = {
			isa = PBXNativeTarget;
			buildConfigurationList = 42FC34F22CFFD56900F1BF98 /* Build configuration list for PBXNativeTarget "WanderlyTests" */;
			buildPhases = (
				42FC34D72CFFD56900F1BF98 /* Sources */,
				42FC34D82CFFD56900F1BF98 /* Frameworks */,
				42FC34D92CFFD56900F1BF98 /* Resources */,
			);
			buildRules = (
			);
			dependencies = (
				42FC34DD2CFFD56900F1BF98 /* PBXTargetDependency */,
			);
			fileSystemSynchronizedGroups = (
				42FC34DE2CFFD56900F1BF98 /* WanderlyTests */,
			);
			name = WanderlyTests;
			packageProductDependencies = (
			);
			productName = WanderlyTests;
			productReference = 42FC34DB2CFFD56900F1BF98 /* WanderlyTests.xctest */;
			productType = "com.apple.product-type.bundle.unit-test";
		};
		42FC34E42CFFD56900F1BF98 /* WanderlyUITests */ = {
			isa = PBXNativeTarget;
			buildConfigurationList = 42FC34F52CFFD56900F1BF98 /* Build configuration list for PBXNativeTarget "WanderlyUITests" */;
			buildPhases = (
				42FC34E12CFFD56900F1BF98 /* Sources */,
				42FC34E22CFFD56900F1BF98 /* Frameworks */,
				42FC34E32CFFD56900F1BF98 /* Resources */,
			);
			buildRules = (
			);
			dependencies = (
				42FC34E72CFFD56900F1BF98 /* PBXTargetDependency */,
			);
			fileSystemSynchronizedGroups = (
				42FC34E82CFFD56900F1BF98 /* WanderlyUITests */,
			);
			name = WanderlyUITests;
			packageProductDependencies = (
			);
			productName = WanderlyUITests;
			productReference = 42FC34E52CFFD56900F1BF98 /* WanderlyUITests.xctest */;
			productType = "com.apple.product-type.bundle.ui-testing";
		};
/* End PBXNativeTarget section */

/* Begin PBXProject section */
		42FC34C32CFFD56800F1BF98 /* Project object */ = {
			isa = PBXProject;
			attributes = {
				BuildIndependentTargetsInParallel = 1;
				LastSwiftUpdateCheck = 1610;
				LastUpgradeCheck = 1610;
				TargetAttributes = {
					42FC34CA2CFFD56800F1BF98 = {
						CreatedOnToolsVersion = 16.1;
					};
					42FC34DA2CFFD56900F1BF98 = {
						CreatedOnToolsVersion = 16.1;
						TestTargetID = 42FC34CA2CFFD56800F1BF98;
					};
					42FC34E42CFFD56900F1BF98 = {
						CreatedOnToolsVersion = 16.1;
						TestTargetID = 42FC34CA2CFFD56800F1BF98;
					};
				};
			};
			buildConfigurationList = 42FC34C62CFFD56800F1BF98 /* Build configuration list for PBXProject "Wanderly" */;
			developmentRegion = en;
			hasScannedForEncodings = 0;
			knownRegions = (
				en,
				Base,
			);
			mainGroup = 42FC34C22CFFD56800F1BF98;
			minimizedProjectReferenceProxies = 1;
			packageReferences = (
				42FC35062CFFD9CD00F1BF98 /* XCRemoteSwiftPackageReference "firebase-ios-sdk" */,
			);
			preferredProjectObjectVersion = 77;
			productRefGroup = 42FC34CC2CFFD56800F1BF98 /* Products */;
			projectDirPath = "";
			projectRoot = "";
			targets = (
				42FC34CA2CFFD56800F1BF98 /* Wanderly */,
				42FC34DA2CFFD56900F1BF98 /* WanderlyTests */,
				42FC34E42CFFD56900F1BF98 /* WanderlyUITests */,
			);
		};
/* End PBXProject section */

/* Begin PBXResourcesBuildPhase section */
		42FC34C92CFFD56800F1BF98 /* Resources */ = {
			isa = PBXResourcesBuildPhase;
			buildActionMask = 2147483647;
			files = (
				42AE207E2D02AB45008AFEB4 /* countries.json in Resources */,
				42FC35032CFFD8FB00F1BF98 /* Preview Assets.xcassets in Resources */,
				42AE207C2D029A12008AFEB4 /* APIKeys.plist in Resources */,
				42FC35042CFFD8FB00F1BF98 /* Assets.xcassets in Resources */,
				42FC35052CFFD8FB00F1BF98 /* GoogleService-Info.plist in Resources */,
			);
			runOnlyForDeploymentPostprocessing = 0;
		};
		42FC34D92CFFD56900F1BF98 /* Resources */ = {
			isa = PBXResourcesBuildPhase;
			buildActionMask = 2147483647;
			files = (
			);
			runOnlyForDeploymentPostprocessing = 0;
		};
		42FC34E32CFFD56900F1BF98 /* Resources */ = {
			isa = PBXResourcesBuildPhase;
			buildActionMask = 2147483647;
			files = (
			);
			runOnlyForDeploymentPostprocessing = 0;
		};
/* End PBXResourcesBuildPhase section */

/* Begin PBXSourcesBuildPhase section */
		42FC34C72CFFD56800F1BF98 /* Sources */ = {
			isa = PBXSourcesBuildPhase;
			buildActionMask = 2147483647;
			files = (
				42A2567E2D01885F0035C31F /* ExpandableActivitiesView.swift in Sources */,
				42D2FC0D2D00BDE200910A1E /* ContentView.swift in Sources */,
				428D08652D035B6900E721FC /* SignUpView.swift in Sources */,
				42A2566C2D015AF30035C31F /* BucketListDetailView.swift in Sources */,
				425B9BCD2D097FC600C080D3 /* CityImageView.swift in Sources */,
				4204FE7A2D06BA68002D9547 /* ActivityCard.swift in Sources */,
				42D2FC0E2D00BDE200910A1E /* ActivityView.swift in Sources */,
				42D2FC102D00BDE200910A1E /* LoginView.swift in Sources */,
				42D2FC122D00BDE200910A1E /* WelcomeView.swift in Sources */,
				42AE20F52D02E890008AFEB4 /* CityListView.swift in Sources */,
				42D2FC132D00BDE200910A1E /* BucketListView.swift in Sources */,
				42FC35022CFFD8FB00F1BF98 /* WanderlyApp.swift in Sources */,
			);
			runOnlyForDeploymentPostprocessing = 0;
		};
		42FC34D72CFFD56900F1BF98 /* Sources */ = {
			isa = PBXSourcesBuildPhase;
			buildActionMask = 2147483647;
			files = (
			);
			runOnlyForDeploymentPostprocessing = 0;
		};
		42FC34E12CFFD56900F1BF98 /* Sources */ = {
			isa = PBXSourcesBuildPhase;
			buildActionMask = 2147483647;
			files = (
			);
			runOnlyForDeploymentPostprocessing = 0;
		};
/* End PBXSourcesBuildPhase section */

/* Begin PBXTargetDependency section */
		42FC34DD2CFFD56900F1BF98 /* PBXTargetDependency */ = {
			isa = PBXTargetDependency;
			target = 42FC34CA2CFFD56800F1BF98 /* Wanderly */;
			targetProxy = 42FC34DC2CFFD56900F1BF98 /* PBXContainerItemProxy */;
		};
		42FC34E72CFFD56900F1BF98 /* PBXTargetDependency */ = {
			isa = PBXTargetDependency;
			target = 42FC34CA2CFFD56800F1BF98 /* Wanderly */;
			targetProxy = 42FC34E62CFFD56900F1BF98 /* PBXContainerItemProxy */;
		};
/* End PBXTargetDependency section */

/* Begin XCBuildConfiguration section */
		42FC34ED2CFFD56900F1BF98 /* Debug */ = {
			isa = XCBuildConfiguration;
			buildSettings = {
				ALWAYS_SEARCH_USER_PATHS = NO;
				ASSETCATALOG_COMPILER_GENERATE_SWIFT_ASSET_SYMBOL_EXTENSIONS = YES;
				CLANG_ANALYZER_NONNULL = YES;
				CLANG_ANALYZER_NUMBER_OBJECT_CONVERSION = YES_AGGRESSIVE;
				CLANG_CXX_LANGUAGE_STANDARD = "gnu++20";
				CLANG_ENABLE_MODULES = YES;
				CLANG_ENABLE_OBJC_ARC = YES;
				CLANG_ENABLE_OBJC_WEAK = YES;
				CLANG_WARN_BLOCK_CAPTURE_AUTORELEASING = YES;
				CLANG_WARN_BOOL_CONVERSION = YES;
				CLANG_WARN_COMMA = YES;
				CLANG_WARN_CONSTANT_CONVERSION = YES;
				CLANG_WARN_DEPRECATED_OBJC_IMPLEMENTATIONS = YES;
				CLANG_WARN_DIRECT_OBJC_ISA_USAGE = YES_ERROR;
				CLANG_WARN_DOCUMENTATION_COMMENTS = YES;
				CLANG_WARN_EMPTY_BODY = YES;
				CLANG_WARN_ENUM_CONVERSION = YES;
				CLANG_WARN_INFINITE_RECURSION = YES;
				CLANG_WARN_INT_CONVERSION = YES;
				CLANG_WARN_NON_LITERAL_NULL_CONVERSION = YES;
				CLANG_WARN_OBJC_IMPLICIT_RETAIN_SELF = YES;
				CLANG_WARN_OBJC_LITERAL_CONVERSION = YES;
				CLANG_WARN_OBJC_ROOT_CLASS = YES_ERROR;
				CLANG_WARN_QUOTED_INCLUDE_IN_FRAMEWORK_HEADER = YES;
				CLANG_WARN_RANGE_LOOP_ANALYSIS = YES;
				CLANG_WARN_STRICT_PROTOTYPES = YES;
				CLANG_WARN_SUSPICIOUS_MOVE = YES;
				CLANG_WARN_UNGUARDED_AVAILABILITY = YES_AGGRESSIVE;
				CLANG_WARN_UNREACHABLE_CODE = YES;
				CLANG_WARN__DUPLICATE_METHOD_MATCH = YES;
				COPY_PHASE_STRIP = NO;
				DEBUG_INFORMATION_FORMAT = dwarf;
				ENABLE_STRICT_OBJC_MSGSEND = YES;
				ENABLE_TESTABILITY = YES;
				ENABLE_USER_SCRIPT_SANDBOXING = YES;
				GCC_C_LANGUAGE_STANDARD = gnu17;
				GCC_DYNAMIC_NO_PIC = NO;
				GCC_NO_COMMON_BLOCKS = YES;
				GCC_OPTIMIZATION_LEVEL = 0;
				GCC_PREPROCESSOR_DEFINITIONS = (
					"DEBUG=1",
					"$(inherited)",
				);
				GCC_WARN_64_TO_32_BIT_CONVERSION = YES;
				GCC_WARN_ABOUT_RETURN_TYPE = YES_ERROR;
				GCC_WARN_UNDECLARED_SELECTOR = YES;
				GCC_WARN_UNINITIALIZED_AUTOS = YES_AGGRESSIVE;
				GCC_WARN_UNUSED_FUNCTION = YES;
				GCC_WARN_UNUSED_VARIABLE = YES;
				IPHONEOS_DEPLOYMENT_TARGET = 18.1;
				LOCALIZATION_PREFERS_STRING_CATALOGS = YES;
				MTL_ENABLE_DEBUG_INFO = INCLUDE_SOURCE;
				MTL_FAST_MATH = YES;
				ONLY_ACTIVE_ARCH = YES;
				SDKROOT = iphoneos;
				SWIFT_ACTIVE_COMPILATION_CONDITIONS = "DEBUG $(inherited)";
				SWIFT_OPTIMIZATION_LEVEL = "-Onone";
			};
			name = Debug;
		};
		42FC34EE2CFFD56900F1BF98 /* Release */ = {
			isa = XCBuildConfiguration;
			buildSettings = {
				ALWAYS_SEARCH_USER_PATHS = NO;
				ASSETCATALOG_COMPILER_GENERATE_SWIFT_ASSET_SYMBOL_EXTENSIONS = YES;
				CLANG_ANALYZER_NONNULL = YES;
				CLANG_ANALYZER_NUMBER_OBJECT_CONVERSION = YES_AGGRESSIVE;
				CLANG_CXX_LANGUAGE_STANDARD = "gnu++20";
				CLANG_ENABLE_MODULES = YES;
				CLANG_ENABLE_OBJC_ARC = YES;
				CLANG_ENABLE_OBJC_WEAK = YES;
				CLANG_WARN_BLOCK_CAPTURE_AUTORELEASING = YES;
				CLANG_WARN_BOOL_CONVERSION = YES;
				CLANG_WARN_COMMA = YES;
				CLANG_WARN_CONSTANT_CONVERSION = YES;
				CLANG_WARN_DEPRECATED_OBJC_IMPLEMENTATIONS = YES;
				CLANG_WARN_DIRECT_OBJC_ISA_USAGE = YES_ERROR;
				CLANG_WARN_DOCUMENTATION_COMMENTS = YES;
				CLANG_WARN_EMPTY_BODY = YES;
				CLANG_WARN_ENUM_CONVERSION = YES;
				CLANG_WARN_INFINITE_RECURSION = YES;
				CLANG_WARN_INT_CONVERSION = YES;
				CLANG_WARN_NON_LITERAL_NULL_CONVERSION = YES;
				CLANG_WARN_OBJC_IMPLICIT_RETAIN_SELF = YES;
				CLANG_WARN_OBJC_LITERAL_CONVERSION = YES;
				CLANG_WARN_OBJC_ROOT_CLASS = YES_ERROR;
				CLANG_WARN_QUOTED_INCLUDE_IN_FRAMEWORK_HEADER = YES;
				CLANG_WARN_RANGE_LOOP_ANALYSIS = YES;
				CLANG_WARN_STRICT_PROTOTYPES = YES;
				CLANG_WARN_SUSPICIOUS_MOVE = YES;
				CLANG_WARN_UNGUARDED_AVAILABILITY = YES_AGGRESSIVE;
				CLANG_WARN_UNREACHABLE_CODE = YES;
				CLANG_WARN__DUPLICATE_METHOD_MATCH = YES;
				COPY_PHASE_STRIP = NO;
				DEBUG_INFORMATION_FORMAT = "dwarf-with-dsym";
				ENABLE_NS_ASSERTIONS = NO;
				ENABLE_STRICT_OBJC_MSGSEND = YES;
				ENABLE_USER_SCRIPT_SANDBOXING = YES;
				GCC_C_LANGUAGE_STANDARD = gnu17;
				GCC_NO_COMMON_BLOCKS = YES;
				GCC_WARN_64_TO_32_BIT_CONVERSION = YES;
				GCC_WARN_ABOUT_RETURN_TYPE = YES_ERROR;
				GCC_WARN_UNDECLARED_SELECTOR = YES;
				GCC_WARN_UNINITIALIZED_AUTOS = YES_AGGRESSIVE;
				GCC_WARN_UNUSED_FUNCTION = YES;
				GCC_WARN_UNUSED_VARIABLE = YES;
				IPHONEOS_DEPLOYMENT_TARGET = 18.1;
				LOCALIZATION_PREFERS_STRING_CATALOGS = YES;
				MTL_ENABLE_DEBUG_INFO = NO;
				MTL_FAST_MATH = YES;
				SDKROOT = iphoneos;
				SWIFT_COMPILATION_MODE = wholemodule;
				VALIDATE_PRODUCT = YES;
			};
			name = Release;
		};
		42FC34F02CFFD56900F1BF98 /* Debug */ = {
			isa = XCBuildConfiguration;
			buildSettings = {
				ASSETCATALOG_COMPILER_APPICON_NAME = AppIcon;
				ASSETCATALOG_COMPILER_GLOBAL_ACCENT_COLOR_NAME = AccentColor;
				CODE_SIGN_STYLE = Automatic;
				CURRENT_PROJECT_VERSION = 1;
				DEVELOPMENT_ASSET_PATHS = "\"Wanderly/Preview Content\"";
				DEVELOPMENT_TEAM = K39XXFTQ3J;
				ENABLE_PREVIEWS = YES;
				GENERATE_INFOPLIST_FILE = YES;
				INFOPLIST_FILE = Wanderly/Info.plist;
				INFOPLIST_KEY_UIApplicationSceneManifest_Generation = YES;
				INFOPLIST_KEY_UIApplicationSupportsIndirectInputEvents = YES;
				INFOPLIST_KEY_UISupportedInterfaceOrientations_iPad = "UIInterfaceOrientationPortrait UIInterfaceOrientationPortraitUpsideDown UIInterfaceOrientationLandscapeLeft UIInterfaceOrientationLandscapeRight";
				INFOPLIST_KEY_UISupportedInterfaceOrientations_iPhone = "UIInterfaceOrientationPortrait UIInterfaceOrientationLandscapeLeft UIInterfaceOrientationLandscapeRight";
				LD_RUNPATH_SEARCH_PATHS = (
					"$(inherited)",
					"@executable_path/Frameworks",
				);
				MARKETING_VERSION = 1.0;
				PRODUCT_BUNDLE_IDENTIFIER = com.zhu.Wanderly;
				PRODUCT_NAME = "$(TARGET_NAME)";
				SWIFT_EMIT_LOC_STRINGS = YES;
				SWIFT_VERSION = 5.0;
				TARGETED_DEVICE_FAMILY = "1,2";
			};
			name = Debug;
		};
		42FC34F12CFFD56900F1BF98 /* Release */ = {
			isa = XCBuildConfiguration;
			buildSettings = {
				ASSETCATALOG_COMPILER_APPICON_NAME = AppIcon;
				ASSETCATALOG_COMPILER_GLOBAL_ACCENT_COLOR_NAME = AccentColor;
				CODE_SIGN_STYLE = Automatic;
				CURRENT_PROJECT_VERSION = 1;
				DEVELOPMENT_ASSET_PATHS = "\"Wanderly/Preview Content\"";
				DEVELOPMENT_TEAM = K39XXFTQ3J;
				ENABLE_PREVIEWS = YES;
				GENERATE_INFOPLIST_FILE = YES;
				INFOPLIST_FILE = Wanderly/Info.plist;
				INFOPLIST_KEY_UIApplicationSceneManifest_Generation = YES;
				INFOPLIST_KEY_UIApplicationSupportsIndirectInputEvents = YES;
				INFOPLIST_KEY_UISupportedInterfaceOrientations_iPad = "UIInterfaceOrientationPortrait UIInterfaceOrientationPortraitUpsideDown UIInterfaceOrientationLandscapeLeft UIInterfaceOrientationLandscapeRight";
				INFOPLIST_KEY_UISupportedInterfaceOrientations_iPhone = "UIInterfaceOrientationPortrait UIInterfaceOrientationLandscapeLeft UIInterfaceOrientationLandscapeRight";
				LD_RUNPATH_SEARCH_PATHS = (
					"$(inherited)",
					"@executable_path/Frameworks",
				);
				MARKETING_VERSION = 1.0;
				PRODUCT_BUNDLE_IDENTIFIER = com.zhu.Wanderly;
				PRODUCT_NAME = "$(TARGET_NAME)";
				SWIFT_EMIT_LOC_STRINGS = YES;
				SWIFT_VERSION = 5.0;
				TARGETED_DEVICE_FAMILY = "1,2";
			};
			name = Release;
		};
		42FC34F32CFFD56900F1BF98 /* Debug */ = {
			isa = XCBuildConfiguration;
			buildSettings = {
				BUNDLE_LOADER = "$(TEST_HOST)";
				CODE_SIGN_STYLE = Automatic;
				CURRENT_PROJECT_VERSION = 1;
				DEVELOPMENT_TEAM = K39XXFTQ3J;
				GENERATE_INFOPLIST_FILE = YES;
				IPHONEOS_DEPLOYMENT_TARGET = 18.1;
				MARKETING_VERSION = 1.0;
				PRODUCT_BUNDLE_IDENTIFIER = com.zhu.WanderlyTests;
				PRODUCT_NAME = "$(TARGET_NAME)";
				SWIFT_EMIT_LOC_STRINGS = NO;
				SWIFT_VERSION = 5.0;
				TARGETED_DEVICE_FAMILY = "1,2";
				TEST_HOST = "$(BUILT_PRODUCTS_DIR)/Wanderly.app/$(BUNDLE_EXECUTABLE_FOLDER_PATH)/Wanderly";
			};
			name = Debug;
		};
		42FC34F42CFFD56900F1BF98 /* Release */ = {
			isa = XCBuildConfiguration;
			buildSettings = {
				BUNDLE_LOADER = "$(TEST_HOST)";
				CODE_SIGN_STYLE = Automatic;
				CURRENT_PROJECT_VERSION = 1;
				DEVELOPMENT_TEAM = K39XXFTQ3J;
				GENERATE_INFOPLIST_FILE = YES;
				IPHONEOS_DEPLOYMENT_TARGET = 18.1;
				MARKETING_VERSION = 1.0;
				PRODUCT_BUNDLE_IDENTIFIER = com.zhu.WanderlyTests;
				PRODUCT_NAME = "$(TARGET_NAME)";
				SWIFT_EMIT_LOC_STRINGS = NO;
				SWIFT_VERSION = 5.0;
				TARGETED_DEVICE_FAMILY = "1,2";
				TEST_HOST = "$(BUILT_PRODUCTS_DIR)/Wanderly.app/$(BUNDLE_EXECUTABLE_FOLDER_PATH)/Wanderly";
			};
			name = Release;
		};
		42FC34F62CFFD56900F1BF98 /* Debug */ = {
			isa = XCBuildConfiguration;
			buildSettings = {
				CODE_SIGN_STYLE = Automatic;
				CURRENT_PROJECT_VERSION = 1;
				DEVELOPMENT_TEAM = K39XXFTQ3J;
				GENERATE_INFOPLIST_FILE = YES;
				MARKETING_VERSION = 1.0;
				PRODUCT_BUNDLE_IDENTIFIER = com.zhu.WanderlyUITests;
				PRODUCT_NAME = "$(TARGET_NAME)";
				SWIFT_EMIT_LOC_STRINGS = NO;
				SWIFT_VERSION = 5.0;
				TARGETED_DEVICE_FAMILY = "1,2";
				TEST_TARGET_NAME = Wanderly;
			};
			name = Debug;
		};
		42FC34F72CFFD56900F1BF98 /* Release */ = {
			isa = XCBuildConfiguration;
			buildSettings = {
				CODE_SIGN_STYLE = Automatic;
				CURRENT_PROJECT_VERSION = 1;
				DEVELOPMENT_TEAM = K39XXFTQ3J;
				GENERATE_INFOPLIST_FILE = YES;
				MARKETING_VERSION = 1.0;
				PRODUCT_BUNDLE_IDENTIFIER = com.zhu.WanderlyUITests;
				PRODUCT_NAME = "$(TARGET_NAME)";
				SWIFT_EMIT_LOC_STRINGS = NO;
				SWIFT_VERSION = 5.0;
				TARGETED_DEVICE_FAMILY = "1,2";
				TEST_TARGET_NAME = Wanderly;
			};
			name = Release;
		};
/* End XCBuildConfiguration section */

/* Begin XCConfigurationList section */
		42FC34C62CFFD56800F1BF98 /* Build configuration list for PBXProject "Wanderly" */ = {
			isa = XCConfigurationList;
			buildConfigurations = (
				42FC34ED2CFFD56900F1BF98 /* Debug */,
				42FC34EE2CFFD56900F1BF98 /* Release */,
			);
			defaultConfigurationIsVisible = 0;
			defaultConfigurationName = Release;
		};
		42FC34EF2CFFD56900F1BF98 /* Build configuration list for PBXNativeTarget "Wanderly" */ = {
			isa = XCConfigurationList;
			buildConfigurations = (
				42FC34F02CFFD56900F1BF98 /* Debug */,
				42FC34F12CFFD56900F1BF98 /* Release */,
			);
			defaultConfigurationIsVisible = 0;
			defaultConfigurationName = Release;
		};
		42FC34F22CFFD56900F1BF98 /* Build configuration list for PBXNativeTarget "WanderlyTests" */ = {
			isa = XCConfigurationList;
			buildConfigurations = (
				42FC34F32CFFD56900F1BF98 /* Debug */,
				42FC34F42CFFD56900F1BF98 /* Release */,
			);
			defaultConfigurationIsVisible = 0;
			defaultConfigurationName = Release;
		};
		42FC34F52CFFD56900F1BF98 /* Build configuration list for PBXNativeTarget "WanderlyUITests" */ = {
			isa = XCConfigurationList;
			buildConfigurations = (
				42FC34F62CFFD56900F1BF98 /* Debug */,
				42FC34F72CFFD56900F1BF98 /* Release */,
			);
			defaultConfigurationIsVisible = 0;
			defaultConfigurationName = Release;
		};
/* End XCConfigurationList section */

/* Begin XCRemoteSwiftPackageReference section */
		42FC35062CFFD9CD00F1BF98 /* XCRemoteSwiftPackageReference "firebase-ios-sdk" */ = {
			isa = XCRemoteSwiftPackageReference;
			repositoryURL = "https://github.com/firebase/firebase-ios-sdk.git";
			requirement = {
				kind = upToNextMajorVersion;
				minimumVersion = 11.6.0;
			};
		};
/* End XCRemoteSwiftPackageReference section */

/* Begin XCSwiftPackageProductDependency section */
		42FC35072CFFDA8A00F1BF98 /* FirebaseAuth */ = {
			isa = XCSwiftPackageProductDependency;
			package = 42FC35062CFFD9CD00F1BF98 /* XCRemoteSwiftPackageReference "firebase-ios-sdk" */;
			productName = FirebaseAuth;
		};
		42FC35092CFFDA8A00F1BF98 /* FirebaseFirestore */ = {
			isa = XCSwiftPackageProductDependency;
			package = 42FC35062CFFD9CD00F1BF98 /* XCRemoteSwiftPackageReference "firebase-ios-sdk" */;
			productName = FirebaseFirestore;
		};
		42FC350B2CFFDA8A00F1BF98 /* FirebaseStorage */ = {
			isa = XCSwiftPackageProductDependency;
			package = 42FC35062CFFD9CD00F1BF98 /* XCRemoteSwiftPackageReference "firebase-ios-sdk" */;
			productName = FirebaseStorage;
		};
/* End XCSwiftPackageProductDependency section */
	};
	rootObject = 42FC34C32CFFD56800F1BF98 /* Project object */;
}
